// !$*UTF8*$!
{
	archiveVersion = 1;
	classes = {
	};
	objectVersion = 55;
	objects = {

/* Begin PBXBuildFile section */
		0D0DB6E828FE93E100CE7DFE /* VisualEffect.swift in Sources */ = {isa = PBXBuildFile; fileRef = 0D0DB6E728FE93E100CE7DFE /* VisualEffect.swift */; };
		0D1330C628D01A7900797147 /* ListCalculatorApp.swift in Sources */ = {isa = PBXBuildFile; fileRef = 0D1330C528D01A7900797147 /* ListCalculatorApp.swift */; };
		0D1330C828D01A7900797147 /* ContentView.swift in Sources */ = {isa = PBXBuildFile; fileRef = 0D1330C728D01A7900797147 /* ContentView.swift */; };
		0D1330CA28D01A7B00797147 /* Assets.xcassets in Resources */ = {isa = PBXBuildFile; fileRef = 0D1330C928D01A7B00797147 /* Assets.xcassets */; };
		0D1330CD28D01A7B00797147 /* Preview Assets.xcassets in Resources */ = {isa = PBXBuildFile; fileRef = 0D1330CC28D01A7B00797147 /* Preview Assets.xcassets */; };
		0D1330D428D01CAA00797147 /* SimpleListCalculatorItemRow.swift in Sources */ = {isa = PBXBuildFile; fileRef = 0D1330D328D01CAA00797147 /* SimpleListCalculatorItemRow.swift */; };
		0D42EFE628F425D900FF7575 /* PullDownView.swift in Sources */ = {isa = PBXBuildFile; fileRef = 0D42EFE528F425D900FF7575 /* PullDownView.swift */; };
		0D42EFE828F426BC00FF7575 /* PullDownGuideView.swift in Sources */ = {isa = PBXBuildFile; fileRef = 0D42EFE728F426BC00FF7575 /* PullDownGuideView.swift */; };
		0D51D94528D03B4000F2BE83 /* SimpleListCalculatorView.swift in Sources */ = {isa = PBXBuildFile; fileRef = 0D51D94428D03B4000F2BE83 /* SimpleListCalculatorView.swift */; };
		0D51D94728D03C4C00F2BE83 /* CheckButton.swift in Sources */ = {isa = PBXBuildFile; fileRef = 0D51D94628D03C4C00F2BE83 /* CheckButton.swift */; };
		0D51D94928D0403200F2BE83 /* CircleImage.swift in Sources */ = {isa = PBXBuildFile; fileRef = 0D51D94828D0403200F2BE83 /* CircleImage.swift */; };
		0D51D94B28D046F600F2BE83 /* Item.swift in Sources */ = {isa = PBXBuildFile; fileRef = 0D51D94A28D046F600F2BE83 /* Item.swift */; };
		0D51D94F28D1A63100F2BE83 /* ListCalculatorView.swift in Sources */ = {isa = PBXBuildFile; fileRef = 0D51D94E28D1A63100F2BE83 /* ListCalculatorView.swift */; };
		0D51D95128D1A65000F2BE83 /* ListCalculatorItemRow.swift in Sources */ = {isa = PBXBuildFile; fileRef = 0D51D95028D1A65000F2BE83 /* ListCalculatorItemRow.swift */; };
		0D51D95328D1AB6500F2BE83 /* ListCalculatorInputView.swift in Sources */ = {isa = PBXBuildFile; fileRef = 0D51D95228D1AB6500F2BE83 /* ListCalculatorInputView.swift */; };
		0D51D96728D5A3C900F2BE83 /* CalculateResultView.swift in Sources */ = {isa = PBXBuildFile; fileRef = 0D51D96628D5A3C900F2BE83 /* CalculateResultView.swift */; };
		0D51D96928D5B01100F2BE83 /* View+Popup.swift in Sources */ = {isa = PBXBuildFile; fileRef = 0D51D96828D5B01100F2BE83 /* View+Popup.swift */; };
		0DC141E92923D0710017B53F /* AddButtonView.swift in Sources */ = {isa = PBXBuildFile; fileRef = 0DC141E82923D0710017B53F /* AddButtonView.swift */; };
		0DC766EC28D874AA0064482F /* Popup.swift in Sources */ = {isa = PBXBuildFile; fileRef = 0DC766EB28D874AA0064482F /* Popup.swift */; };
		0DC766EF28D9AD260064482F /* InputStepper.swift in Sources */ = {isa = PBXBuildFile; fileRef = 0DC766EE28D9AD260064482F /* InputStepper.swift */; };
		0DC766F128DC39290064482F /* SettingView.swift in Sources */ = {isa = PBXBuildFile; fileRef = 0DC766F028DC39290064482F /* SettingView.swift */; };
		0DC766F428DC395A0064482F /* MainListView.swift in Sources */ = {isa = PBXBuildFile; fileRef = 0DC766F328DC395A0064482F /* MainListView.swift */; };
		0DC766F728DC3FAE0064482F /* TabItemView.swift in Sources */ = {isa = PBXBuildFile; fileRef = 0DC766F628DC3FAE0064482F /* TabItemView.swift */; };
		0DC766FA28DC3FD20064482F /* TabItemData.swift in Sources */ = {isa = PBXBuildFile; fileRef = 0DC766F928DC3FD20064482F /* TabItemData.swift */; };
		0DC766FC28DC42660064482F /* MountStyleTabBarView.swift in Sources */ = {isa = PBXBuildFile; fileRef = 0DC766FB28DC42660064482F /* MountStyleTabBarView.swift */; };
		0DC766FE28DC48EE0064482F /* CustomTabView.swift in Sources */ = {isa = PBXBuildFile; fileRef = 0DC766FD28DC48EE0064482F /* CustomTabView.swift */; };
		0DC7670028DC4FB20064482F /* CenterTabView.swift in Sources */ = {isa = PBXBuildFile; fileRef = 0DC766FF28DC4FB20064482F /* CenterTabView.swift */; };
		0DC7670228E197FD0064482F /* MainListItemView.swift in Sources */ = {isa = PBXBuildFile; fileRef = 0DC7670128E197FD0064482F /* MainListItemView.swift */; };
		0DC7670428E19D8E0064482F /* MainListCollectionView.swift in Sources */ = {isa = PBXBuildFile; fileRef = 0DC7670328E19D8E0064482F /* MainListCollectionView.swift */; };
		0DCAFD0528E2A38000FE5992 /* MainListItemData.swift in Sources */ = {isa = PBXBuildFile; fileRef = 0DCAFD0428E2A38000FE5992 /* MainListItemData.swift */; };
		0DCAFD0728E2A40700FE5992 /* MainListCollectionViewCell.swift in Sources */ = {isa = PBXBuildFile; fileRef = 0DCAFD0628E2A40700FE5992 /* MainListCollectionViewCell.swift */; };
		0DCAFD0A28E2A61E00FE5992 /* SnapKit in Frameworks */ = {isa = PBXBuildFile; productRef = 0DCAFD0928E2A61E00FE5992 /* SnapKit */; };
		0DCAFD0C28E40E6100FE5992 /* MainListItemListStyleView.swift in Sources */ = {isa = PBXBuildFile; fileRef = 0DCAFD0B28E40E6100FE5992 /* MainListItemListStyleView.swift */; };
		0DCAFD0E28E4208E00FE5992 /* SearchBar.swift in Sources */ = {isa = PBXBuildFile; fileRef = 0DCAFD0D28E4208E00FE5992 /* SearchBar.swift */; };
/* End PBXBuildFile section */

/* Begin PBXFileReference section */
		0D0DB6E728FE93E100CE7DFE /* VisualEffect.swift */ = {isa = PBXFileReference; lastKnownFileType = sourcecode.swift; path = VisualEffect.swift; sourceTree = "<group>"; };
		0D1330C228D01A7900797147 /* ListCalculator.app */ = {isa = PBXFileReference; explicitFileType = wrapper.application; includeInIndex = 0; path = ListCalculator.app; sourceTree = BUILT_PRODUCTS_DIR; };
		0D1330C528D01A7900797147 /* ListCalculatorApp.swift */ = {isa = PBXFileReference; lastKnownFileType = sourcecode.swift; path = ListCalculatorApp.swift; sourceTree = "<group>"; };
		0D1330C728D01A7900797147 /* ContentView.swift */ = {isa = PBXFileReference; lastKnownFileType = sourcecode.swift; path = ContentView.swift; sourceTree = "<group>"; };
		0D1330C928D01A7B00797147 /* Assets.xcassets */ = {isa = PBXFileReference; lastKnownFileType = folder.assetcatalog; path = Assets.xcassets; sourceTree = "<group>"; };
		0D1330CC28D01A7B00797147 /* Preview Assets.xcassets */ = {isa = PBXFileReference; lastKnownFileType = folder.assetcatalog; path = "Preview Assets.xcassets"; sourceTree = "<group>"; };
		0D1330D328D01CAA00797147 /* SimpleListCalculatorItemRow.swift */ = {isa = PBXFileReference; lastKnownFileType = sourcecode.swift; path = SimpleListCalculatorItemRow.swift; sourceTree = "<group>"; };
		0D42EFE528F425D900FF7575 /* PullDownView.swift */ = {isa = PBXFileReference; lastKnownFileType = sourcecode.swift; path = PullDownView.swift; sourceTree = "<group>"; };
		0D42EFE728F426BC00FF7575 /* PullDownGuideView.swift */ = {isa = PBXFileReference; lastKnownFileType = sourcecode.swift; path = PullDownGuideView.swift; sourceTree = "<group>"; };
		0D51D94428D03B4000F2BE83 /* SimpleListCalculatorView.swift */ = {isa = PBXFileReference; lastKnownFileType = sourcecode.swift; path = SimpleListCalculatorView.swift; sourceTree = "<group>"; };
		0D51D94628D03C4C00F2BE83 /* CheckButton.swift */ = {isa = PBXFileReference; lastKnownFileType = sourcecode.swift; path = CheckButton.swift; sourceTree = "<group>"; };
		0D51D94828D0403200F2BE83 /* CircleImage.swift */ = {isa = PBXFileReference; lastKnownFileType = sourcecode.swift; path = CircleImage.swift; sourceTree = "<group>"; };
		0D51D94A28D046F600F2BE83 /* Item.swift */ = {isa = PBXFileReference; lastKnownFileType = sourcecode.swift; path = Item.swift; sourceTree = "<group>"; };
		0D51D94E28D1A63100F2BE83 /* ListCalculatorView.swift */ = {isa = PBXFileReference; lastKnownFileType = sourcecode.swift; path = ListCalculatorView.swift; sourceTree = "<group>"; };
		0D51D95028D1A65000F2BE83 /* ListCalculatorItemRow.swift */ = {isa = PBXFileReference; lastKnownFileType = sourcecode.swift; path = ListCalculatorItemRow.swift; sourceTree = "<group>"; };
		0D51D95228D1AB6500F2BE83 /* ListCalculatorInputView.swift */ = {isa = PBXFileReference; lastKnownFileType = sourcecode.swift; path = ListCalculatorInputView.swift; sourceTree = "<group>"; };
		0D51D95428D1D98C00F2BE83 /* Test_ContentView.swift */ = {isa = PBXFileReference; lastKnownFileType = sourcecode.swift; path = Test_ContentView.swift; sourceTree = "<group>"; };
		0D51D95728D1DA6C00F2BE83 /* Popup.swift */ = {isa = PBXFileReference; lastKnownFileType = sourcecode.swift; path = Popup.swift; sourceTree = "<group>"; };
		0D51D95928D1DBE700F2BE83 /* FrameGetter.swift */ = {isa = PBXFileReference; lastKnownFileType = sourcecode.swift; path = FrameGetter.swift; sourceTree = "<group>"; };
		0D51D96628D5A3C900F2BE83 /* CalculateResultView.swift */ = {isa = PBXFileReference; lastKnownFileType = sourcecode.swift; path = CalculateResultView.swift; sourceTree = "<group>"; };
		0D51D96828D5B01100F2BE83 /* View+Popup.swift */ = {isa = PBXFileReference; lastKnownFileType = sourcecode.swift; path = "View+Popup.swift"; sourceTree = "<group>"; };
		0DC141E82923D0710017B53F /* AddButtonView.swift */ = {isa = PBXFileReference; lastKnownFileType = sourcecode.swift; path = AddButtonView.swift; sourceTree = "<group>"; };
		0DC766EB28D874AA0064482F /* Popup.swift */ = {isa = PBXFileReference; lastKnownFileType = sourcecode.swift; path = Popup.swift; sourceTree = "<group>"; };
		0DC766EE28D9AD260064482F /* InputStepper.swift */ = {isa = PBXFileReference; lastKnownFileType = sourcecode.swift; path = InputStepper.swift; sourceTree = "<group>"; };
		0DC766F028DC39290064482F /* SettingView.swift */ = {isa = PBXFileReference; lastKnownFileType = sourcecode.swift; path = SettingView.swift; sourceTree = "<group>"; };
		0DC766F328DC395A0064482F /* MainListView.swift */ = {isa = PBXFileReference; lastKnownFileType = sourcecode.swift; path = MainListView.swift; sourceTree = "<group>"; };
		0DC766F628DC3FAE0064482F /* TabItemView.swift */ = {isa = PBXFileReference; lastKnownFileType = sourcecode.swift; path = TabItemView.swift; sourceTree = "<group>"; };
		0DC766F928DC3FD20064482F /* TabItemData.swift */ = {isa = PBXFileReference; lastKnownFileType = sourcecode.swift; path = TabItemData.swift; sourceTree = "<group>"; };
		0DC766FB28DC42660064482F /* MountStyleTabBarView.swift */ = {isa = PBXFileReference; lastKnownFileType = sourcecode.swift; path = MountStyleTabBarView.swift; sourceTree = "<group>"; };
		0DC766FD28DC48EE0064482F /* CustomTabView.swift */ = {isa = PBXFileReference; lastKnownFileType = sourcecode.swift; path = CustomTabView.swift; sourceTree = "<group>"; };
		0DC766FF28DC4FB20064482F /* CenterTabView.swift */ = {isa = PBXFileReference; lastKnownFileType = sourcecode.swift; path = CenterTabView.swift; sourceTree = "<group>"; };
		0DC7670128E197FD0064482F /* MainListItemView.swift */ = {isa = PBXFileReference; lastKnownFileType = sourcecode.swift; path = MainListItemView.swift; sourceTree = "<group>"; };
		0DC7670328E19D8E0064482F /* MainListCollectionView.swift */ = {isa = PBXFileReference; lastKnownFileType = sourcecode.swift; path = MainListCollectionView.swift; sourceTree = "<group>"; };
		0DCAFD0428E2A38000FE5992 /* MainListItemData.swift */ = {isa = PBXFileReference; lastKnownFileType = sourcecode.swift; path = MainListItemData.swift; sourceTree = "<group>"; };
		0DCAFD0628E2A40700FE5992 /* MainListCollectionViewCell.swift */ = {isa = PBXFileReference; lastKnownFileType = sourcecode.swift; path = MainListCollectionViewCell.swift; sourceTree = "<group>"; };
		0DCAFD0B28E40E6100FE5992 /* MainListItemListStyleView.swift */ = {isa = PBXFileReference; lastKnownFileType = sourcecode.swift; path = MainListItemListStyleView.swift; sourceTree = "<group>"; };
		0DCAFD0D28E4208E00FE5992 /* SearchBar.swift */ = {isa = PBXFileReference; lastKnownFileType = sourcecode.swift; path = SearchBar.swift; sourceTree = "<group>"; };
/* End PBXFileReference section */

/* Begin PBXFrameworksBuildPhase section */
		0D1330BF28D01A7900797147 /* Frameworks */ = {
			isa = PBXFrameworksBuildPhase;
			buildActionMask = 2147483647;
			files = (
				0DCAFD0A28E2A61E00FE5992 /* SnapKit in Frameworks */,
			);
			runOnlyForDeploymentPostprocessing = 0;
		};
/* End PBXFrameworksBuildPhase section */

/* Begin PBXGroup section */
		0D1330B928D01A7900797147 = {
			isa = PBXGroup;
			children = (
				0D1330C428D01A7900797147 /* ListCalculator */,
				0D1330C328D01A7900797147 /* Products */,
			);
			sourceTree = "<group>";
		};
		0D1330C328D01A7900797147 /* Products */ = {
			isa = PBXGroup;
			children = (
				0D1330C228D01A7900797147 /* ListCalculator.app */,
			);
			name = Products;
			sourceTree = "<group>";
		};
		0D1330C428D01A7900797147 /* ListCalculator */ = {
			isa = PBXGroup;
			children = (
				0D1330C528D01A7900797147 /* ListCalculatorApp.swift */,
				0D1330C728D01A7900797147 /* ContentView.swift */,
				0DC766F828DC3FB30064482F /* CustomTabView */,
				0DC766F528DC395E0064482F /* MainListView */,
				0D51D96328D5A37600F2BE83 /* CalculatorView */,
				0DC766F228DC39310064482F /* SettingView */,
				0D51D96228D5A36D00F2BE83 /* Model */,
				0D51D96A28D5B01700F2BE83 /* Extensions */,
				0DC766ED28D884A40064482F /* Popup */,
				0D51D95628D1D99200F2BE83 /* PopupTest */,
				0D1330C928D01A7B00797147 /* Assets.xcassets */,
				0D1330CB28D01A7B00797147 /* Preview Content */,
			);
			path = ListCalculator;
			sourceTree = "<group>";
		};
		0D1330CB28D01A7B00797147 /* Preview Content */ = {
			isa = PBXGroup;
			children = (
				0D1330CC28D01A7B00797147 /* Preview Assets.xcassets */,
			);
			path = "Preview Content";
			sourceTree = "<group>";
		};
		0D51D95628D1D99200F2BE83 /* PopupTest */ = {
			isa = PBXGroup;
			children = (
				0D51D95428D1D98C00F2BE83 /* Test_ContentView.swift */,
				0D51D95728D1DA6C00F2BE83 /* Popup.swift */,
				0D51D95928D1DBE700F2BE83 /* FrameGetter.swift */,
			);
			path = PopupTest;
			sourceTree = "<group>";
		};
		0D51D96228D5A36D00F2BE83 /* Model */ = {
			isa = PBXGroup;
			children = (
				0D51D94A28D046F600F2BE83 /* Item.swift */,
				0DC766F928DC3FD20064482F /* TabItemData.swift */,
				0DCAFD0428E2A38000FE5992 /* MainListItemData.swift */,
			);
			path = Model;
			sourceTree = "<group>";
		};
		0D51D96328D5A37600F2BE83 /* CalculatorView */ = {
			isa = PBXGroup;
			children = (
				0D51D96428D5A38100F2BE83 /* ListCalculatorView */,
				0D51D96528D5A38900F2BE83 /* SimpleListCalculatorView */,
				0D51D94628D03C4C00F2BE83 /* CheckButton.swift */,
				0D51D94828D0403200F2BE83 /* CircleImage.swift */,
				0D42EFE528F425D900FF7575 /* PullDownView.swift */,
				0D51D96628D5A3C900F2BE83 /* CalculateResultView.swift */,
				0DC766EE28D9AD260064482F /* InputStepper.swift */,
				0D42EFE728F426BC00FF7575 /* PullDownGuideView.swift */,
				0D0DB6E728FE93E100CE7DFE /* VisualEffect.swift */,
				0DC141E82923D0710017B53F /* AddButtonView.swift */,
			);
			path = CalculatorView;
			sourceTree = "<group>";
		};
		0D51D96428D5A38100F2BE83 /* ListCalculatorView */ = {
			isa = PBXGroup;
			children = (
				0D51D94E28D1A63100F2BE83 /* ListCalculatorView.swift */,
				0D51D95028D1A65000F2BE83 /* ListCalculatorItemRow.swift */,
				0D51D95228D1AB6500F2BE83 /* ListCalculatorInputView.swift */,
			);
			path = ListCalculatorView;
			sourceTree = "<group>";
		};
		0D51D96528D5A38900F2BE83 /* SimpleListCalculatorView */ = {
			isa = PBXGroup;
			children = (
				0D51D94428D03B4000F2BE83 /* SimpleListCalculatorView.swift */,
				0D1330D328D01CAA00797147 /* SimpleListCalculatorItemRow.swift */,
			);
			path = SimpleListCalculatorView;
			sourceTree = "<group>";
		};
		0D51D96A28D5B01700F2BE83 /* Extensions */ = {
			isa = PBXGroup;
			children = (
				0D51D96828D5B01100F2BE83 /* View+Popup.swift */,
			);
			path = Extensions;
			sourceTree = "<group>";
		};
		0DC766ED28D884A40064482F /* Popup */ = {
			isa = PBXGroup;
			children = (
				0DC766EB28D874AA0064482F /* Popup.swift */,
			);
			path = Popup;
			sourceTree = "<group>";
		};
		0DC766F228DC39310064482F /* SettingView */ = {
			isa = PBXGroup;
			children = (
				0DC766F028DC39290064482F /* SettingView.swift */,
			);
			path = SettingView;
			sourceTree = "<group>";
		};
		0DC766F528DC395E0064482F /* MainListView */ = {
			isa = PBXGroup;
			children = (
				0DC766F328DC395A0064482F /* MainListView.swift */,
				0DCAFD0D28E4208E00FE5992 /* SearchBar.swift */,
				0DCAFD0B28E40E6100FE5992 /* MainListItemListStyleView.swift */,
				0DC7670328E19D8E0064482F /* MainListCollectionView.swift */,
				0DCAFD0628E2A40700FE5992 /* MainListCollectionViewCell.swift */,
				0DC7670128E197FD0064482F /* MainListItemView.swift */,
			);
			path = MainListView;
			sourceTree = "<group>";
		};
		0DC766F828DC3FB30064482F /* CustomTabView */ = {
			isa = PBXGroup;
			children = (
				0DC766FD28DC48EE0064482F /* CustomTabView.swift */,
				0DC766FB28DC42660064482F /* MountStyleTabBarView.swift */,
				0DC766F628DC3FAE0064482F /* TabItemView.swift */,
				0DC766FF28DC4FB20064482F /* CenterTabView.swift */,
			);
			path = CustomTabView;
			sourceTree = "<group>";
		};
/* End PBXGroup section */

/* Begin PBXNativeTarget section */
		0D1330C128D01A7900797147 /* ListCalculator */ = {
			isa = PBXNativeTarget;
			buildConfigurationList = 0D1330D028D01A7B00797147 /* Build configuration list for PBXNativeTarget "ListCalculator" */;
			buildPhases = (
				0D1330BE28D01A7900797147 /* Sources */,
				0D1330BF28D01A7900797147 /* Frameworks */,
				0D1330C028D01A7900797147 /* Resources */,
			);
			buildRules = (
			);
			dependencies = (
			);
			name = ListCalculator;
			packageProductDependencies = (
				0DCAFD0928E2A61E00FE5992 /* SnapKit */,
			);
			productName = ListCalculator;
			productReference = 0D1330C228D01A7900797147 /* ListCalculator.app */;
			productType = "com.apple.product-type.application";
		};
/* End PBXNativeTarget section */

/* Begin PBXProject section */
		0D1330BA28D01A7900797147 /* Project object */ = {
			isa = PBXProject;
			attributes = {
				BuildIndependentTargetsInParallel = 1;
				LastSwiftUpdateCheck = 1340;
				LastUpgradeCheck = 1340;
				TargetAttributes = {
					0D1330C128D01A7900797147 = {
						CreatedOnToolsVersion = 13.4.1;
					};
				};
			};
			buildConfigurationList = 0D1330BD28D01A7900797147 /* Build configuration list for PBXProject "ListCalculator" */;
			compatibilityVersion = "Xcode 13.0";
			developmentRegion = en;
			hasScannedForEncodings = 0;
			knownRegions = (
				en,
				Base,
			);
			mainGroup = 0D1330B928D01A7900797147;
			packageReferences = (
				0DCAFD0828E2A61E00FE5992 /* XCRemoteSwiftPackageReference "SnapKit" */,
			);
			productRefGroup = 0D1330C328D01A7900797147 /* Products */;
			projectDirPath = "";
			projectRoot = "";
			targets = (
				0D1330C128D01A7900797147 /* ListCalculator */,
			);
		};
/* End PBXProject section */

/* Begin PBXResourcesBuildPhase section */
		0D1330C028D01A7900797147 /* Resources */ = {
			isa = PBXResourcesBuildPhase;
			buildActionMask = 2147483647;
			files = (
				0D1330CD28D01A7B00797147 /* Preview Assets.xcassets in Resources */,
				0D1330CA28D01A7B00797147 /* Assets.xcassets in Resources */,
			);
			runOnlyForDeploymentPostprocessing = 0;
		};
/* End PBXResourcesBuildPhase section */

/* Begin PBXSourcesBuildPhase section */
		0D1330BE28D01A7900797147 /* Sources */ = {
			isa = PBXSourcesBuildPhase;
			buildActionMask = 2147483647;
			files = (
				0DC7670028DC4FB20064482F /* CenterTabView.swift in Sources */,
				0DC766EF28D9AD260064482F /* InputStepper.swift in Sources */,
				0DCAFD0C28E40E6100FE5992 /* MainListItemListStyleView.swift in Sources */,
				0D1330D428D01CAA00797147 /* SimpleListCalculatorItemRow.swift in Sources */,
				0D1330C828D01A7900797147 /* ContentView.swift in Sources */,
				0D1330C628D01A7900797147 /* ListCalculatorApp.swift in Sources */,
				0D51D94928D0403200F2BE83 /* CircleImage.swift in Sources */,
				0D51D96928D5B01100F2BE83 /* View+Popup.swift in Sources */,
				0DC766F128DC39290064482F /* SettingView.swift in Sources */,
				0D0DB6E828FE93E100CE7DFE /* VisualEffect.swift in Sources */,
				0D42EFE628F425D900FF7575 /* PullDownView.swift in Sources */,
				0DC766FE28DC48EE0064482F /* CustomTabView.swift in Sources */,
				0D51D95128D1A65000F2BE83 /* ListCalculatorItemRow.swift in Sources */,
				0D51D95328D1AB6500F2BE83 /* ListCalculatorInputView.swift in Sources */,
				0DC766F428DC395A0064482F /* MainListView.swift in Sources */,
				0DC7670428E19D8E0064482F /* MainListCollectionView.swift in Sources */,
				0DCAFD0E28E4208E00FE5992 /* SearchBar.swift in Sources */,
				0DCAFD0728E2A40700FE5992 /* MainListCollectionViewCell.swift in Sources */,
				0D51D94F28D1A63100F2BE83 /* ListCalculatorView.swift in Sources */,
				0DC141E92923D0710017B53F /* AddButtonView.swift in Sources */,
				0D51D94B28D046F600F2BE83 /* Item.swift in Sources */,
				0D42EFE828F426BC00FF7575 /* PullDownGuideView.swift in Sources */,
				0DC766FA28DC3FD20064482F /* TabItemData.swift in Sources */,
				0DC766EC28D874AA0064482F /* Popup.swift in Sources */,
				0D51D94728D03C4C00F2BE83 /* CheckButton.swift in Sources */,
				0D51D96728D5A3C900F2BE83 /* CalculateResultView.swift in Sources */,
				0DCAFD0528E2A38000FE5992 /* MainListItemData.swift in Sources */,
				0DC7670228E197FD0064482F /* MainListItemView.swift in Sources */,
				0DC766F728DC3FAE0064482F /* TabItemView.swift in Sources */,
				0D51D94528D03B4000F2BE83 /* SimpleListCalculatorView.swift in Sources */,
				0DC766FC28DC42660064482F /* MountStyleTabBarView.swift in Sources */,
			);
			runOnlyForDeploymentPostprocessing = 0;
		};
/* End PBXSourcesBuildPhase section */

/* Begin XCBuildConfiguration section */
		0D1330CE28D01A7B00797147 /* Debug */ = {
			isa = XCBuildConfiguration;
			buildSettings = {
				ALWAYS_SEARCH_USER_PATHS = NO;
				CLANG_ANALYZER_NONNULL = YES;
				CLANG_ANALYZER_NUMBER_OBJECT_CONVERSION = YES_AGGRESSIVE;
				CLANG_CXX_LANGUAGE_STANDARD = "gnu++17";
				CLANG_ENABLE_MODULES = YES;
				CLANG_ENABLE_OBJC_ARC = YES;
				CLANG_ENABLE_OBJC_WEAK = YES;
				CLANG_WARN_BLOCK_CAPTURE_AUTORELEASING = YES;
				CLANG_WARN_BOOL_CONVERSION = YES;
				CLANG_WARN_COMMA = YES;
				CLANG_WARN_CONSTANT_CONVERSION = YES;
				CLANG_WARN_DEPRECATED_OBJC_IMPLEMENTATIONS = YES;
				CLANG_WARN_DIRECT_OBJC_ISA_USAGE = YES_ERROR;
				CLANG_WARN_DOCUMENTATION_COMMENTS = YES;
				CLANG_WARN_EMPTY_BODY = YES;
				CLANG_WARN_ENUM_CONVERSION = YES;
				CLANG_WARN_INFINITE_RECURSION = YES;
				CLANG_WARN_INT_CONVERSION = YES;
				CLANG_WARN_NON_LITERAL_NULL_CONVERSION = YES;
				CLANG_WARN_OBJC_IMPLICIT_RETAIN_SELF = YES;
				CLANG_WARN_OBJC_LITERAL_CONVERSION = YES;
				CLANG_WARN_OBJC_ROOT_CLASS = YES_ERROR;
				CLANG_WARN_QUOTED_INCLUDE_IN_FRAMEWORK_HEADER = YES;
				CLANG_WARN_RANGE_LOOP_ANALYSIS = YES;
				CLANG_WARN_STRICT_PROTOTYPES = YES;
				CLANG_WARN_SUSPICIOUS_MOVE = YES;
				CLANG_WARN_UNGUARDED_AVAILABILITY = YES_AGGRESSIVE;
				CLANG_WARN_UNREACHABLE_CODE = YES;
				CLANG_WARN__DUPLICATE_METHOD_MATCH = YES;
				COPY_PHASE_STRIP = NO;
				DEBUG_INFORMATION_FORMAT = dwarf;
				ENABLE_STRICT_OBJC_MSGSEND = YES;
				ENABLE_TESTABILITY = YES;
				GCC_C_LANGUAGE_STANDARD = gnu11;
				GCC_DYNAMIC_NO_PIC = NO;
				GCC_NO_COMMON_BLOCKS = YES;
				GCC_OPTIMIZATION_LEVEL = 0;
				GCC_PREPROCESSOR_DEFINITIONS = (
					"DEBUG=1",
					"$(inherited)",
				);
				GCC_WARN_64_TO_32_BIT_CONVERSION = YES;
				GCC_WARN_ABOUT_RETURN_TYPE = YES_ERROR;
				GCC_WARN_UNDECLARED_SELECTOR = YES;
				GCC_WARN_UNINITIALIZED_AUTOS = YES_AGGRESSIVE;
				GCC_WARN_UNUSED_FUNCTION = YES;
				GCC_WARN_UNUSED_VARIABLE = YES;
				IPHONEOS_DEPLOYMENT_TARGET = 15.5;
				MTL_ENABLE_DEBUG_INFO = INCLUDE_SOURCE;
				MTL_FAST_MATH = YES;
				ONLY_ACTIVE_ARCH = YES;
				SDKROOT = iphoneos;
				SWIFT_ACTIVE_COMPILATION_CONDITIONS = DEBUG;
				SWIFT_OPTIMIZATION_LEVEL = "-Onone";
			};
			name = Debug;
		};
		0D1330CF28D01A7B00797147 /* Release */ = {
			isa = XCBuildConfiguration;
			buildSettings = {
				ALWAYS_SEARCH_USER_PATHS = NO;
				CLANG_ANALYZER_NONNULL = YES;
				CLANG_ANALYZER_NUMBER_OBJECT_CONVERSION = YES_AGGRESSIVE;
				CLANG_CXX_LANGUAGE_STANDARD = "gnu++17";
				CLANG_ENABLE_MODULES = YES;
				CLANG_ENABLE_OBJC_ARC = YES;
				CLANG_ENABLE_OBJC_WEAK = YES;
				CLANG_WARN_BLOCK_CAPTURE_AUTORELEASING = YES;
				CLANG_WARN_BOOL_CONVERSION = YES;
				CLANG_WARN_COMMA = YES;
				CLANG_WARN_CONSTANT_CONVERSION = YES;
				CLANG_WARN_DEPRECATED_OBJC_IMPLEMENTATIONS = YES;
				CLANG_WARN_DIRECT_OBJC_ISA_USAGE = YES_ERROR;
				CLANG_WARN_DOCUMENTATION_COMMENTS = YES;
				CLANG_WARN_EMPTY_BODY = YES;
				CLANG_WARN_ENUM_CONVERSION = YES;
				CLANG_WARN_INFINITE_RECURSION = YES;
				CLANG_WARN_INT_CONVERSION = YES;
				CLANG_WARN_NON_LITERAL_NULL_CONVERSION = YES;
				CLANG_WARN_OBJC_IMPLICIT_RETAIN_SELF = YES;
				CLANG_WARN_OBJC_LITERAL_CONVERSION = YES;
				CLANG_WARN_OBJC_ROOT_CLASS = YES_ERROR;
				CLANG_WARN_QUOTED_INCLUDE_IN_FRAMEWORK_HEADER = YES;
				CLANG_WARN_RANGE_LOOP_ANALYSIS = YES;
				CLANG_WARN_STRICT_PROTOTYPES = YES;
				CLANG_WARN_SUSPICIOUS_MOVE = YES;
				CLANG_WARN_UNGUARDED_AVAILABILITY = YES_AGGRESSIVE;
				CLANG_WARN_UNREACHABLE_CODE = YES;
				CLANG_WARN__DUPLICATE_METHOD_MATCH = YES;
				COPY_PHASE_STRIP = NO;
				DEBUG_INFORMATION_FORMAT = "dwarf-with-dsym";
				ENABLE_NS_ASSERTIONS = NO;
				ENABLE_STRICT_OBJC_MSGSEND = YES;
				GCC_C_LANGUAGE_STANDARD = gnu11;
				GCC_NO_COMMON_BLOCKS = YES;
				GCC_WARN_64_TO_32_BIT_CONVERSION = YES;
				GCC_WARN_ABOUT_RETURN_TYPE = YES_ERROR;
				GCC_WARN_UNDECLARED_SELECTOR = YES;
				GCC_WARN_UNINITIALIZED_AUTOS = YES_AGGRESSIVE;
				GCC_WARN_UNUSED_FUNCTION = YES;
				GCC_WARN_UNUSED_VARIABLE = YES;
				IPHONEOS_DEPLOYMENT_TARGET = 15.5;
				MTL_ENABLE_DEBUG_INFO = NO;
				MTL_FAST_MATH = YES;
				SDKROOT = iphoneos;
				SWIFT_COMPILATION_MODE = wholemodule;
				SWIFT_OPTIMIZATION_LEVEL = "-O";
				VALIDATE_PRODUCT = YES;
			};
			name = Release;
		};
		0D1330D128D01A7B00797147 /* Debug */ = {
			isa = XCBuildConfiguration;
			buildSettings = {
				ASSETCATALOG_COMPILER_APPICON_NAME = AppIcon;
				ASSETCATALOG_COMPILER_GLOBAL_ACCENT_COLOR_NAME = AccentColor;
				CODE_SIGN_STYLE = Automatic;
				CURRENT_PROJECT_VERSION = 1;
				DEVELOPMENT_ASSET_PATHS = "\"ListCalculator/Preview Content\"";
				DEVELOPMENT_TEAM = G8928M38H8;
				ENABLE_PREVIEWS = YES;
				GENERATE_INFOPLIST_FILE = YES;
				INFOPLIST_KEY_UIApplicationSceneManifest_Generation = YES;
				INFOPLIST_KEY_UIApplicationSupportsIndirectInputEvents = YES;
				INFOPLIST_KEY_UILaunchScreen_Generation = YES;
				INFOPLIST_KEY_UISupportedInterfaceOrientations_iPad = "UIInterfaceOrientationPortrait UIInterfaceOrientationPortraitUpsideDown UIInterfaceOrientationLandscapeLeft UIInterfaceOrientationLandscapeRight";
				INFOPLIST_KEY_UISupportedInterfaceOrientations_iPhone = "UIInterfaceOrientationPortrait UIInterfaceOrientationLandscapeLeft UIInterfaceOrientationLandscapeRight";
				IPHONEOS_DEPLOYMENT_TARGET = 15.5;
				LD_RUNPATH_SEARCH_PATHS = (
					"$(inherited)",
					"@executable_path/Frameworks",
				);
				MARKETING_VERSION = 1.0;
				PRODUCT_BUNDLE_IDENTIFIER = jiniz.ll.ListCalculator;
				PRODUCT_NAME = "$(TARGET_NAME)";
				SWIFT_EMIT_LOC_STRINGS = YES;
				SWIFT_VERSION = 5.0;
				TARGETED_DEVICE_FAMILY = "1,2";
			};
			name = Debug;
		};
		0D1330D228D01A7B00797147 /* Release */ = {
			isa = XCBuildConfiguration;
			buildSettings = {
				ASSETCATALOG_COMPILER_APPICON_NAME = AppIcon;
				ASSETCATALOG_COMPILER_GLOBAL_ACCENT_COLOR_NAME = AccentColor;
				CODE_SIGN_STYLE = Automatic;
				CURRENT_PROJECT_VERSION = 1;
				DEVELOPMENT_ASSET_PATHS = "\"ListCalculator/Preview Content\"";
				DEVELOPMENT_TEAM = G8928M38H8;
				ENABLE_PREVIEWS = YES;
				GENERATE_INFOPLIST_FILE = YES;
				INFOPLIST_KEY_UIApplicationSceneManifest_Generation = YES;
				INFOPLIST_KEY_UIApplicationSupportsIndirectInputEvents = YES;
				INFOPLIST_KEY_UILaunchScreen_Generation = YES;
				INFOPLIST_KEY_UISupportedInterfaceOrientations_iPad = "UIInterfaceOrientationPortrait UIInterfaceOrientationPortraitUpsideDown UIInterfaceOrientationLandscapeLeft UIInterfaceOrientationLandscapeRight";
				INFOPLIST_KEY_UISupportedInterfaceOrientations_iPhone = "UIInterfaceOrientationPortrait UIInterfaceOrientationLandscapeLeft UIInterfaceOrientationLandscapeRight";
				IPHONEOS_DEPLOYMENT_TARGET = 15.5;
				LD_RUNPATH_SEARCH_PATHS = (
					"$(inherited)",
					"@executable_path/Frameworks",
				);
				MARKETING_VERSION = 1.0;
				PRODUCT_BUNDLE_IDENTIFIER = jiniz.ll.ListCalculator;
				PRODUCT_NAME = "$(TARGET_NAME)";
				SWIFT_EMIT_LOC_STRINGS = YES;
				SWIFT_VERSION = 5.0;
				TARGETED_DEVICE_FAMILY = "1,2";
			};
			name = Release;
		};
/* End XCBuildConfiguration section */

/* Begin XCConfigurationList section */
		0D1330BD28D01A7900797147 /* Build configuration list for PBXProject "ListCalculator" */ = {
			isa = XCConfigurationList;
			buildConfigurations = (
				0D1330CE28D01A7B00797147 /* Debug */,
				0D1330CF28D01A7B00797147 /* Release */,
			);
			defaultConfigurationIsVisible = 0;
			defaultConfigurationName = Release;
		};
		0D1330D028D01A7B00797147 /* Build configuration list for PBXNativeTarget "ListCalculator" */ = {
			isa = XCConfigurationList;
			buildConfigurations = (
				0D1330D128D01A7B00797147 /* Debug */,
				0D1330D228D01A7B00797147 /* Release */,
			);
			defaultConfigurationIsVisible = 0;
			defaultConfigurationName = Release;
		};
/* End XCConfigurationList section */

/* Begin XCRemoteSwiftPackageReference section */
		0DCAFD0828E2A61E00FE5992 /* XCRemoteSwiftPackageReference "SnapKit" */ = {
			isa = XCRemoteSwiftPackageReference;
			repositoryURL = "http://github.com/SnapKit/SnapKit.git";
			requirement = {
				kind = upToNextMajorVersion;
				minimumVersion = 5.0.0;
			};
		};
/* End XCRemoteSwiftPackageReference section */

/* Begin XCSwiftPackageProductDependency section */
		0DCAFD0928E2A61E00FE5992 /* SnapKit */ = {
			isa = XCSwiftPackageProductDependency;
			package = 0DCAFD0828E2A61E00FE5992 /* XCRemoteSwiftPackageReference "SnapKit" */;
			productName = SnapKit;
		};
/* End XCSwiftPackageProductDependency section */
	};
	rootObject = 0D1330BA28D01A7900797147 /* Project object */;
}
